
Microsoft Visual Studio Solution File, Format Version 12.00
# Visual Studio 2013
VisualStudioVersion = 12.0.40629.0
MinimumVisualStudioVersion = 10.0.40219.1
Project("{FAE04EC0-301F-11D3-BF4B-00C04F79EFBC}") = "TextClassification", "TextClassification\TextClassification.csproj", "{0924A451-F2B5-4632-9291-5A5FF18AE839}"
EndProject
Project("{FAE04EC0-301F-11D3-BF4B-00C04F79EFBC}") = "TextClassification.Service", "TextClassification.Service\TextClassification.Service.csproj", "{A3028DB3-4031-4346-ABA1-25C0F1C73D06}"
EndProject
Project("{FAE04EC0-301F-11D3-BF4B-00C04F79EFBC}") = "TextClassification.Model", "TextClassification.Model\TextClassification.Model.csproj", "{08547952-B3FD-4941-9789-112606DB698B}"
EndProject
Project("{FAE04EC0-301F-11D3-BF4B-00C04F79EFBC}") = "Documentation", "Documentation\Documentation.csproj", "{EC25E857-A752-4D63-9E7B-3B535A6A57E7}"
EndProject
Project("{FAE04EC0-301F-11D3-BF4B-00C04F79EFBC}") = "TextClassification.Common", "TextClassification.Common\TextClassification.Common.csproj", "{29698956-20CF-4A1B-B05B-5369EEBDF117}"
EndProject
Project("{FAE04EC0-301F-11D3-BF4B-00C04F79EFBC}") = "TextClassification.Repository", "TextClassification.Repository\TextClassification.Repository.csproj", "{09B55A2F-70FD-4CFD-BDDE-C0C0671721C8}"
EndProject
Project("{FAE04EC0-301F-11D3-BF4B-00C04F79EFBC}") = "TextClassification.Tf_Idf", "TextClassification.Tf_Idf\TextClassification.Tf_Idf.csproj", "{2F7F9C91-CCC1-4E64-83A6-B252AE27DFAB}"
EndProject
Project("{FAE04EC0-301F-11D3-BF4B-00C04F79EFBC}") = "TextClassification.Tf_Idf_2", "TextClassification.Tf_Idf_2\TextClassification.Tf_Idf_2.csproj", "{CF542B78-2A56-43FD-84EF-107237EF2449}"
EndProject
Project("{FAE04EC0-301F-11D3-BF4B-00C04F79EFBC}") = "LatentSemanticAnalysis", "LatentSemanticAnalysis\LatentSemanticAnalysis.csproj", "{95FCB25B-49E2-40B6-B0DE-8295D92F3F83}"
EndProject
Global
	GlobalSection(SolutionConfigurationPlatforms) = preSolution
		Debug|Any CPU = Debug|Any CPU
		Debug|x64 = Debug|x64
		Debug|x86 = Debug|x86
		Release|Any CPU = Release|Any CPU
		Release|x64 = Release|x64
		Release|x86 = Release|x86
		x64|Any CPU = x64|Any CPU
		x64|x64 = x64|x64
		x64|x86 = x64|x86
	EndGlobalSection
	GlobalSection(ProjectConfigurationPlatforms) = postSolution
		{0924A451-F2B5-4632-9291-5A5FF18AE839}.Debug|Any CPU.ActiveCfg = Debug|Any CPU
		{0924A451-F2B5-4632-9291-5A5FF18AE839}.Debug|Any CPU.Build.0 = Debug|Any CPU
		{0924A451-F2B5-4632-9291-5A5FF18AE839}.Debug|x64.ActiveCfg = Debug|x64
		{0924A451-F2B5-4632-9291-5A5FF18AE839}.Debug|x64.Build.0 = Debug|x64
		{0924A451-F2B5-4632-9291-5A5FF18AE839}.Debug|x86.ActiveCfg = Debug|x86
		{0924A451-F2B5-4632-9291-5A5FF18AE839}.Debug|x86.Build.0 = Debug|x86
		{0924A451-F2B5-4632-9291-5A5FF18AE839}.Release|Any CPU.ActiveCfg = Release|Any CPU
		{0924A451-F2B5-4632-9291-5A5FF18AE839}.Release|Any CPU.Build.0 = Release|Any CPU
		{0924A451-F2B5-4632-9291-5A5FF18AE839}.Release|x64.ActiveCfg = Release|x64
		{0924A451-F2B5-4632-9291-5A5FF18AE839}.Release|x64.Build.0 = Release|x64
		{0924A451-F2B5-4632-9291-5A5FF18AE839}.Release|x86.ActiveCfg = Release|x86
		{0924A451-F2B5-4632-9291-5A5FF18AE839}.Release|x86.Build.0 = Release|x86
		{0924A451-F2B5-4632-9291-5A5FF18AE839}.x64|Any CPU.ActiveCfg = x64|Any CPU
		{0924A451-F2B5-4632-9291-5A5FF18AE839}.x64|Any CPU.Build.0 = x64|Any CPU
		{0924A451-F2B5-4632-9291-5A5FF18AE839}.x64|x64.ActiveCfg = x64|x64
		{0924A451-F2B5-4632-9291-5A5FF18AE839}.x64|x64.Build.0 = x64|x64
		{0924A451-F2B5-4632-9291-5A5FF18AE839}.x64|x86.ActiveCfg = x64|x86
		{0924A451-F2B5-4632-9291-5A5FF18AE839}.x64|x86.Build.0 = x64|x86
		{A3028DB3-4031-4346-ABA1-25C0F1C73D06}.Debug|Any CPU.ActiveCfg = Debug|Any CPU
		{A3028DB3-4031-4346-ABA1-25C0F1C73D06}.Debug|Any CPU.Build.0 = Debug|Any CPU
		{A3028DB3-4031-4346-ABA1-25C0F1C73D06}.Debug|x64.ActiveCfg = Debug|x64
		{A3028DB3-4031-4346-ABA1-25C0F1C73D06}.Debug|x64.Build.0 = Debug|x64
		{A3028DB3-4031-4346-ABA1-25C0F1C73D06}.Debug|x86.ActiveCfg = Debug|x86
		{A3028DB3-4031-4346-ABA1-25C0F1C73D06}.Debug|x86.Build.0 = Debug|x86
		{A3028DB3-4031-4346-ABA1-25C0F1C73D06}.Release|Any CPU.ActiveCfg = Release|Any CPU
		{A3028DB3-4031-4346-ABA1-25C0F1C73D06}.Release|Any CPU.Build.0 = Release|Any CPU
		{A3028DB3-4031-4346-ABA1-25C0F1C73D06}.Release|x64.ActiveCfg = Release|x64
		{A3028DB3-4031-4346-ABA1-25C0F1C73D06}.Release|x64.Build.0 = Release|x64
		{A3028DB3-4031-4346-ABA1-25C0F1C73D06}.Release|x86.ActiveCfg = Release|x86
		{A3028DB3-4031-4346-ABA1-25C0F1C73D06}.Release|x86.Build.0 = Release|x86
		{A3028DB3-4031-4346-ABA1-25C0F1C73D06}.x64|Any CPU.ActiveCfg = x64|Any CPU
		{A3028DB3-4031-4346-ABA1-25C0F1C73D06}.x64|Any CPU.Build.0 = x64|Any CPU
		{A3028DB3-4031-4346-ABA1-25C0F1C73D06}.x64|x64.ActiveCfg = x64|x64
		{A3028DB3-4031-4346-ABA1-25C0F1C73D06}.x64|x64.Build.0 = x64|x64
		{A3028DB3-4031-4346-ABA1-25C0F1C73D06}.x64|x86.ActiveCfg = x64|x86
		{A3028DB3-4031-4346-ABA1-25C0F1C73D06}.x64|x86.Build.0 = x64|x86
		{08547952-B3FD-4941-9789-112606DB698B}.Debug|Any CPU.ActiveCfg = Debug|Any CPU
		{08547952-B3FD-4941-9789-112606DB698B}.Debug|Any CPU.Build.0 = Debug|Any CPU
		{08547952-B3FD-4941-9789-112606DB698B}.Debug|x64.ActiveCfg = Debug|x64
		{08547952-B3FD-4941-9789-112606DB698B}.Debug|x64.Build.0 = Debug|x64
		{08547952-B3FD-4941-9789-112606DB698B}.Debug|x86.ActiveCfg = Debug|x86
		{08547952-B3FD-4941-9789-112606DB698B}.Debug|x86.Build.0 = Debug|x86
		{08547952-B3FD-4941-9789-112606DB698B}.Release|Any CPU.ActiveCfg = Release|Any CPU
		{08547952-B3FD-4941-9789-112606DB698B}.Release|Any CPU.Build.0 = Release|Any CPU
		{08547952-B3FD-4941-9789-112606DB698B}.Release|x64.ActiveCfg = Release|x64
		{08547952-B3FD-4941-9789-112606DB698B}.Release|x64.Build.0 = Release|x64
		{08547952-B3FD-4941-9789-112606DB698B}.Release|x86.ActiveCfg = Release|x86
		{08547952-B3FD-4941-9789-112606DB698B}.Release|x86.Build.0 = Release|x86
		{08547952-B3FD-4941-9789-112606DB698B}.x64|Any CPU.ActiveCfg = x64|Any CPU
		{08547952-B3FD-4941-9789-112606DB698B}.x64|Any CPU.Build.0 = x64|Any CPU
		{08547952-B3FD-4941-9789-112606DB698B}.x64|x64.ActiveCfg = x64|x64
		{08547952-B3FD-4941-9789-112606DB698B}.x64|x64.Build.0 = x64|x64
		{08547952-B3FD-4941-9789-112606DB698B}.x64|x86.ActiveCfg = x64|x86
		{08547952-B3FD-4941-9789-112606DB698B}.x64|x86.Build.0 = x64|x86
		{EC25E857-A752-4D63-9E7B-3B535A6A57E7}.Debug|Any CPU.ActiveCfg = Debug|Any CPU
		{EC25E857-A752-4D63-9E7B-3B535A6A57E7}.Debug|x64.ActiveCfg = Debug|x64
		{EC25E857-A752-4D63-9E7B-3B535A6A57E7}.Debug|x86.ActiveCfg = Debug|x86
		{EC25E857-A752-4D63-9E7B-3B535A6A57E7}.Release|Any CPU.ActiveCfg = Release|Any CPU
		{EC25E857-A752-4D63-9E7B-3B535A6A57E7}.Release|x64.ActiveCfg = Release|x64
		{EC25E857-A752-4D63-9E7B-3B535A6A57E7}.Release|x86.ActiveCfg = Release|x86
		{EC25E857-A752-4D63-9E7B-3B535A6A57E7}.x64|Any CPU.ActiveCfg = x64|Any CPU
		{EC25E857-A752-4D63-9E7B-3B535A6A57E7}.x64|x64.ActiveCfg = x64|x64
		{EC25E857-A752-4D63-9E7B-3B535A6A57E7}.x64|x86.ActiveCfg = x64|x86
		{29698956-20CF-4A1B-B05B-5369EEBDF117}.Debug|Any CPU.ActiveCfg = Debug|Any CPU
		{29698956-20CF-4A1B-B05B-5369EEBDF117}.Debug|Any CPU.Build.0 = Debug|Any CPU
		{29698956-20CF-4A1B-B05B-5369EEBDF117}.Debug|x64.ActiveCfg = Debug|x64
		{29698956-20CF-4A1B-B05B-5369EEBDF117}.Debug|x64.Build.0 = Debug|x64
		{29698956-20CF-4A1B-B05B-5369EEBDF117}.Debug|x86.ActiveCfg = Debug|x86
		{29698956-20CF-4A1B-B05B-5369EEBDF117}.Debug|x86.Build.0 = Debug|x86
		{29698956-20CF-4A1B-B05B-5369EEBDF117}.Release|Any CPU.ActiveCfg = Release|Any CPU
		{29698956-20CF-4A1B-B05B-5369EEBDF117}.Release|Any CPU.Build.0 = Release|Any CPU
		{29698956-20CF-4A1B-B05B-5369EEBDF117}.Release|x64.ActiveCfg = Release|x64
		{29698956-20CF-4A1B-B05B-5369EEBDF117}.Release|x64.Build.0 = Release|x64
		{29698956-20CF-4A1B-B05B-5369EEBDF117}.Release|x86.ActiveCfg = Release|x86
		{29698956-20CF-4A1B-B05B-5369EEBDF117}.Release|x86.Build.0 = Release|x86
		{29698956-20CF-4A1B-B05B-5369EEBDF117}.x64|Any CPU.ActiveCfg = x64|Any CPU
		{29698956-20CF-4A1B-B05B-5369EEBDF117}.x64|Any CPU.Build.0 = x64|Any CPU
		{29698956-20CF-4A1B-B05B-5369EEBDF117}.x64|x64.ActiveCfg = x64|x64
		{29698956-20CF-4A1B-B05B-5369EEBDF117}.x64|x64.Build.0 = x64|x64
		{29698956-20CF-4A1B-B05B-5369EEBDF117}.x64|x86.ActiveCfg = x64|x86
		{29698956-20CF-4A1B-B05B-5369EEBDF117}.x64|x86.Build.0 = x64|x86
		{09B55A2F-70FD-4CFD-BDDE-C0C0671721C8}.Debug|Any CPU.ActiveCfg = Debug|Any CPU
		{09B55A2F-70FD-4CFD-BDDE-C0C0671721C8}.Debug|Any CPU.Build.0 = Debug|Any CPU
		{09B55A2F-70FD-4CFD-BDDE-C0C0671721C8}.Debug|x64.ActiveCfg = Debug|x64
		{09B55A2F-70FD-4CFD-BDDE-C0C0671721C8}.Debug|x64.Build.0 = Debug|x64
		{09B55A2F-70FD-4CFD-BDDE-C0C0671721C8}.Debug|x86.ActiveCfg = Debug|x86
		{09B55A2F-70FD-4CFD-BDDE-C0C0671721C8}.Debug|x86.Build.0 = Debug|x86
		{09B55A2F-70FD-4CFD-BDDE-C0C0671721C8}.Release|Any CPU.ActiveCfg = Release|Any CPU
		{09B55A2F-70FD-4CFD-BDDE-C0C0671721C8}.Release|Any CPU.Build.0 = Release|Any CPU
		{09B55A2F-70FD-4CFD-BDDE-C0C0671721C8}.Release|x64.ActiveCfg = Release|x64
		{09B55A2F-70FD-4CFD-BDDE-C0C0671721C8}.Release|x64.Build.0 = Release|x64
		{09B55A2F-70FD-4CFD-BDDE-C0C0671721C8}.Release|x86.ActiveCfg = Release|x86
		{09B55A2F-70FD-4CFD-BDDE-C0C0671721C8}.Release|x86.Build.0 = Release|x86
		{09B55A2F-70FD-4CFD-BDDE-C0C0671721C8}.x64|Any CPU.ActiveCfg = x64|Any CPU
		{09B55A2F-70FD-4CFD-BDDE-C0C0671721C8}.x64|Any CPU.Build.0 = x64|Any CPU
		{09B55A2F-70FD-4CFD-BDDE-C0C0671721C8}.x64|x64.ActiveCfg = x64|x64
		{09B55A2F-70FD-4CFD-BDDE-C0C0671721C8}.x64|x64.Build.0 = x64|x64
		{09B55A2F-70FD-4CFD-BDDE-C0C0671721C8}.x64|x86.ActiveCfg = x64|x86
		{09B55A2F-70FD-4CFD-BDDE-C0C0671721C8}.x64|x86.Build.0 = x64|x86
		{2F7F9C91-CCC1-4E64-83A6-B252AE27DFAB}.Debug|Any CPU.ActiveCfg = Debug|Any CPU
		{2F7F9C91-CCC1-4E64-83A6-B252AE27DFAB}.Debug|Any CPU.Build.0 = Debug|Any CPU
		{2F7F9C91-CCC1-4E64-83A6-B252AE27DFAB}.Debug|x64.ActiveCfg = Debug|Any CPU
		{2F7F9C91-CCC1-4E64-83A6-B252AE27DFAB}.Debug|x64.Build.0 = Debug|Any CPU
		{2F7F9C91-CCC1-4E64-83A6-B252AE27DFAB}.Debug|x86.ActiveCfg = Debug|x86
		{2F7F9C91-CCC1-4E64-83A6-B252AE27DFAB}.Debug|x86.Build.0 = Debug|x86
		{2F7F9C91-CCC1-4E64-83A6-B252AE27DFAB}.Release|Any CPU.ActiveCfg = Release|Any CPU
		{2F7F9C91-CCC1-4E64-83A6-B252AE27DFAB}.Release|Any CPU.Build.0 = Release|Any CPU
		{2F7F9C91-CCC1-4E64-83A6-B252AE27DFAB}.Release|x64.ActiveCfg = Release|x64
		{2F7F9C91-CCC1-4E64-83A6-B252AE27DFAB}.Release|x64.Build.0 = Release|x64
		{2F7F9C91-CCC1-4E64-83A6-B252AE27DFAB}.Release|x86.ActiveCfg = Release|x86
		{2F7F9C91-CCC1-4E64-83A6-B252AE27DFAB}.Release|x86.Build.0 = Release|x86
		{2F7F9C91-CCC1-4E64-83A6-B252AE27DFAB}.x64|Any CPU.ActiveCfg = x64|Any CPU
		{2F7F9C91-CCC1-4E64-83A6-B252AE27DFAB}.x64|Any CPU.Build.0 = x64|Any CPU
		{2F7F9C91-CCC1-4E64-83A6-B252AE27DFAB}.x64|x64.ActiveCfg = x64|x64
		{2F7F9C91-CCC1-4E64-83A6-B252AE27DFAB}.x64|x64.Build.0 = x64|x64
		{2F7F9C91-CCC1-4E64-83A6-B252AE27DFAB}.x64|x86.ActiveCfg = x64|x86
		{2F7F9C91-CCC1-4E64-83A6-B252AE27DFAB}.x64|x86.Build.0 = x64|x86
		{CF542B78-2A56-43FD-84EF-107237EF2449}.Debug|Any CPU.ActiveCfg = Debug|Any CPU
		{CF542B78-2A56-43FD-84EF-107237EF2449}.Debug|Any CPU.Build.0 = Debug|Any CPU
		{CF542B78-2A56-43FD-84EF-107237EF2449}.Debug|x64.ActiveCfg = Debug|Any CPU
		{CF542B78-2A56-43FD-84EF-107237EF2449}.Debug|x64.Build.0 = Debug|Any CPU
		{CF542B78-2A56-43FD-84EF-107237EF2449}.Debug|x86.ActiveCfg = Debug|x86
		{CF542B78-2A56-43FD-84EF-107237EF2449}.Debug|x86.Build.0 = Debug|x86
		{CF542B78-2A56-43FD-84EF-107237EF2449}.Release|Any CPU.ActiveCfg = Release|Any CPU
		{CF542B78-2A56-43FD-84EF-107237EF2449}.Release|Any CPU.Build.0 = Release|Any CPU
		{CF542B78-2A56-43FD-84EF-107237EF2449}.Release|x64.ActiveCfg = Release|x64
		{CF542B78-2A56-43FD-84EF-107237EF2449}.Release|x64.Build.0 = Release|x64
		{CF542B78-2A56-43FD-84EF-107237EF2449}.Release|x86.ActiveCfg = Release|x86
		{CF542B78-2A56-43FD-84EF-107237EF2449}.Release|x86.Build.0 = Release|x86
		{CF542B78-2A56-43FD-84EF-107237EF2449}.x64|Any CPU.ActiveCfg = x64|Any CPU
		{CF542B78-2A56-43FD-84EF-107237EF2449}.x64|Any CPU.Build.0 = x64|Any CPU
		{CF542B78-2A56-43FD-84EF-107237EF2449}.x64|x64.ActiveCfg = x64|x64
		{CF542B78-2A56-43FD-84EF-107237EF2449}.x64|x64.Build.0 = x64|x64
		{CF542B78-2A56-43FD-84EF-107237EF2449}.x64|x86.ActiveCfg = x64|x86
		{CF542B78-2A56-43FD-84EF-107237EF2449}.x64|x86.Build.0 = x64|x86
		{95FCB25B-49E2-40B6-B0DE-8295D92F3F83}.Debug|Any CPU.ActiveCfg = Debug|Any CPU
		{95FCB25B-49E2-40B6-B0DE-8295D92F3F83}.Debug|Any CPU.Build.0 = Debug|Any CPU
		{95FCB25B-49E2-40B6-B0DE-8295D92F3F83}.Debug|x64.ActiveCfg = Debug|Any CPU
		{95FCB25B-49E2-40B6-B0DE-8295D92F3F83}.Debug|x64.Build.0 = Debug|Any CPU
		{95FCB25B-49E2-40B6-B0DE-8295D92F3F83}.Debug|x86.ActiveCfg = Debug|Any CPU
		{95FCB25B-49E2-40B6-B0DE-8295D92F3F83}.Release|Any CPU.ActiveCfg = Release|Any CPU
		{95FCB25B-49E2-40B6-B0DE-8295D92F3F83}.Release|Any CPU.Build.0 = Release|Any CPU
		{95FCB25B-49E2-40B6-B0DE-8295D92F3F83}.Release|x64.ActiveCfg = Release|Any CPU
		{95FCB25B-49E2-40B6-B0DE-8295D92F3F83}.Release|x86.ActiveCfg = Release|Any CPU
		{95FCB25B-49E2-40B6-B0DE-8295D92F3F83}.x64|Any CPU.ActiveCfg = x64|Any CPU
		{95FCB25B-49E2-40B6-B0DE-8295D92F3F83}.x64|Any CPU.Build.0 = x64|Any CPU
		{95FCB25B-49E2-40B6-B0DE-8295D92F3F83}.x64|x64.ActiveCfg = x64|Any CPU
		{95FCB25B-49E2-40B6-B0DE-8295D92F3F83}.x64|x86.ActiveCfg = x64|Any CPU
	EndGlobalSection
	GlobalSection(SolutionProperties) = preSolution
		HideSolutionNode = FALSE
	EndGlobalSection
EndGlobal
